
Microsoft Visual Studio Solution File, Format Version 12.00
# Visual Studio Version 17
VisualStudioVersion = 17.11.35222.181
MinimumVisualStudioVersion = 10.0.40219.1
Project("{FAE04EC0-301F-11D3-BF4B-00C04F79EFBC}") = "pepa", "pepa\pepa.csproj", "{093BAB10-60CD-4D53-9B57-F6DFA5419AB2}"
EndProject
Global
	GlobalSection(SolutionConfigurationPlatforms) = preSolution
		Debug|Any CPU = Debug|Any CPU
		Release|Any CPU = Release|Any CPU
	EndGlobalSection
	GlobalSection(ProjectConfigurationPlatforms) = postSolution
		{093BAB10-60CD-4D53-9B57-F6DFA5419AB2}.Debug|Any CPU.ActiveCfg = Debug|Any CPU
		{093BAB10-60CD-4D53-9B57-F6DFA5419AB2}.Debug|Any CPU.Build.0 = Debug|Any CPU
		{093BAB10-60CD-4D53-9B57-F6DFA5419AB2}.Release|Any CPU.ActiveCfg = Release|Any CPU
		{093BAB10-60CD-4D53-9B57-F6DFA5419AB2}.Release|Any CPU.Build.0 = Release|Any CPU
	EndGlobalSection
	GlobalSection(SolutionProperties) = preSolution
		HideSolutionNode = FALSE
	EndGlobalSection
	GlobalSection(ExtensibilityGlobals) = postSolution
		SolutionGuid = {A3944DC8-9541-4FBE-B92D-BE50A6D22735}
	EndGlobalSection
EndGlobal
